
Microsoft Visual Studio Solution File, Format Version 12.00
Project("{FAE04EC0-301F-11D3-BF4B-00C04F79EFBC}") = "Cadmean.RPC", "Cadmean.RPC\Cadmean.RPC.csproj", "{BBA484B1-7EAA-408D-8F88-F2E9AF18A9FD}"
EndProject
Project("{FAE04EC0-301F-11D3-BF4B-00C04F79EFBC}") = "Cadmean.RPC.ASP", "Cadmean.RPC.ASP\Cadmean.RPC.ASP.csproj", "{DB1C6203-FC9B-4EF7-AA5B-916C564C4A56}"
EndProject
Project("{FAE04EC0-301F-11D3-BF4B-00C04F79EFBC}") = "Cadmean.RPC.TestServer", "Cadmean.RPC.TestServer\Cadmean.RPC.TestServer.csproj", "{00D49E41-ADC6-4552-A5E4-F22C3B6EC017}"
EndProject
Project("{FAE04EC0-301F-11D3-BF4B-00C04F79EFBC}") = "Cadmean.RPC.Tests", "Cadmean.RPC.Tests\Cadmean.RPC.Tests.csproj", "{CDDA21DC-91C5-4ED4-BC4D-B33577CB1ED3}"
EndProject
Global
	GlobalSection(SolutionConfigurationPlatforms) = preSolution
		Debug|Any CPU = Debug|Any CPU
		Release|Any CPU = Release|Any CPU
	EndGlobalSection
	GlobalSection(ProjectConfigurationPlatforms) = postSolution
		{BBA484B1-7EAA-408D-8F88-F2E9AF18A9FD}.Debug|Any CPU.ActiveCfg = Debug|Any CPU
		{BBA484B1-7EAA-408D-8F88-F2E9AF18A9FD}.Debug|Any CPU.Build.0 = Debug|Any CPU
		{BBA484B1-7EAA-408D-8F88-F2E9AF18A9FD}.Release|Any CPU.ActiveCfg = Release|Any CPU
		{BBA484B1-7EAA-408D-8F88-F2E9AF18A9FD}.Release|Any CPU.Build.0 = Release|Any CPU
		{DB1C6203-FC9B-4EF7-AA5B-916C564C4A56}.Debug|Any CPU.ActiveCfg = Debug|Any CPU
		{DB1C6203-FC9B-4EF7-AA5B-916C564C4A56}.Debug|Any CPU.Build.0 = Debug|Any CPU
		{DB1C6203-FC9B-4EF7-AA5B-916C564C4A56}.Release|Any CPU.ActiveCfg = Release|Any CPU
		{DB1C6203-FC9B-4EF7-AA5B-916C564C4A56}.Release|Any CPU.Build.0 = Release|Any CPU
		{00D49E41-ADC6-4552-A5E4-F22C3B6EC017}.Debug|Any CPU.ActiveCfg = Debug|Any CPU
		{00D49E41-ADC6-4552-A5E4-F22C3B6EC017}.Debug|Any CPU.Build.0 = Debug|Any CPU
		{00D49E41-ADC6-4552-A5E4-F22C3B6EC017}.Release|Any CPU.ActiveCfg = Release|Any CPU
		{00D49E41-ADC6-4552-A5E4-F22C3B6EC017}.Release|Any CPU.Build.0 = Release|Any CPU
		{CDDA21DC-91C5-4ED4-BC4D-B33577CB1ED3}.Debug|Any CPU.ActiveCfg = Debug|Any CPU
		{CDDA21DC-91C5-4ED4-BC4D-B33577CB1ED3}.Debug|Any CPU.Build.0 = Debug|Any CPU
		{CDDA21DC-91C5-4ED4-BC4D-B33577CB1ED3}.Release|Any CPU.ActiveCfg = Release|Any CPU
		{CDDA21DC-91C5-4ED4-BC4D-B33577CB1ED3}.Release|Any CPU.Build.0 = Release|Any CPU
	EndGlobalSection
EndGlobal
